// !$*UTF8*$!
{
	archiveVersion = 1;
	classes = {
	};
	objectVersion = 46;
	objects = {

/* Begin PBXBuildFile section */
		42FEC9671C9E4A6C000C6FA1 /* main.m in Sources */ = {isa = PBXBuildFile; fileRef = 42FEC9661C9E4A6C000C6FA1 /* main.m */; };
		42FEC96A1C9E4A6C000C6FA1 /* AppDelegate.m in Sources */ = {isa = PBXBuildFile; fileRef = 42FEC9691C9E4A6C000C6FA1 /* AppDelegate.m */; };
		42FEC96D1C9E4A6C000C6FA1 /* ViewController.m in Sources */ = {isa = PBXBuildFile; fileRef = 42FEC96C1C9E4A6C000C6FA1 /* ViewController.m */; };
		42FEC9721C9E4A6C000C6FA1 /* Assets.xcassets in Resources */ = {isa = PBXBuildFile; fileRef = 42FEC9711C9E4A6C000C6FA1 /* Assets.xcassets */; };
		42FEC9751C9E4A6C000C6FA1 /* LaunchScreen.storyboard in Resources */ = {isa = PBXBuildFile; fileRef = 42FEC9731C9E4A6C000C6FA1 /* LaunchScreen.storyboard */; };
		42FEC9801C9E4A6C000C6FA1 /* blocBrowserTests.m in Sources */ = {isa = PBXBuildFile; fileRef = 42FEC97F1C9E4A6C000C6FA1 /* blocBrowserTests.m */; };
		42FEC98B1C9E4A6C000C6FA1 /* blocBrowserUITests.m in Sources */ = {isa = PBXBuildFile; fileRef = 42FEC98A1C9E4A6C000C6FA1 /* blocBrowserUITests.m */; };
		42FEC99A1CA0E1CD000C6FA1 /* AwesomeFloatingToolbar.m in Sources */ = {isa = PBXBuildFile; fileRef = 42FEC9991CA0E1CD000C6FA1 /* AwesomeFloatingToolbar.m */; };
/* End PBXBuildFile section */

/* Begin PBXContainerItemProxy section */
		42FEC97C1C9E4A6C000C6FA1 /* PBXContainerItemProxy */ = {
			isa = PBXContainerItemProxy;
			containerPortal = 42FEC95A1C9E4A6C000C6FA1 /* Project object */;
			proxyType = 1;
			remoteGlobalIDString = 42FEC9611C9E4A6C000C6FA1;
			remoteInfo = blocBrowser;
		};
		42FEC9871C9E4A6C000C6FA1 /* PBXContainerItemProxy */ = {
			isa = PBXContainerItemProxy;
			containerPortal = 42FEC95A1C9E4A6C000C6FA1 /* Project object */;
			proxyType = 1;
			remoteGlobalIDString = 42FEC9611C9E4A6C000C6FA1;
			remoteInfo = blocBrowser;
		};
/* End PBXContainerItemProxy section */

/* Begin PBXFileReference section */
		42FEC9621C9E4A6C000C6FA1 /* blocBrowser.app */ = {isa = PBXFileReference; explicitFileType = wrapper.application; includeInIndex = 0; path = blocBrowser.app; sourceTree = BUILT_PRODUCTS_DIR; };
		42FEC9661C9E4A6C000C6FA1 /* main.m */ = {isa = PBXFileReference; lastKnownFileType = sourcecode.c.objc; path = main.m; sourceTree = "<group>"; };
		42FEC9681C9E4A6C000C6FA1 /* AppDelegate.h */ = {isa = PBXFileReference; lastKnownFileType = sourcecode.c.h; path = AppDelegate.h; sourceTree = "<group>"; };
		42FEC9691C9E4A6C000C6FA1 /* AppDelegate.m */ = {isa = PBXFileReference; lastKnownFileType = sourcecode.c.objc; path = AppDelegate.m; sourceTree = "<group>"; };
		42FEC96B1C9E4A6C000C6FA1 /* ViewController.h */ = {isa = PBXFileReference; lastKnownFileType = sourcecode.c.h; path = ViewController.h; sourceTree = "<group>"; };
		42FEC96C1C9E4A6C000C6FA1 /* ViewController.m */ = {isa = PBXFileReference; lastKnownFileType = sourcecode.c.objc; path = ViewController.m; sourceTree = "<group>"; };
		42FEC9711C9E4A6C000C6FA1 /* Assets.xcassets */ = {isa = PBXFileReference; lastKnownFileType = folder.assetcatalog; path = Assets.xcassets; sourceTree = "<group>"; };
		42FEC9741C9E4A6C000C6FA1 /* Base */ = {isa = PBXFileReference; lastKnownFileType = file.storyboard; name = Base; path = Base.lproj/LaunchScreen.storyboard; sourceTree = "<group>"; };
		42FEC9761C9E4A6C000C6FA1 /* Info.plist */ = {isa = PBXFileReference; lastKnownFileType = text.plist.xml; path = Info.plist; sourceTree = "<group>"; };
		42FEC97B1C9E4A6C000C6FA1 /* blocBrowserTests.xctest */ = {isa = PBXFileReference; explicitFileType = wrapper.cfbundle; includeInIndex = 0; path = blocBrowserTests.xctest; sourceTree = BUILT_PRODUCTS_DIR; };
		42FEC97F1C9E4A6C000C6FA1 /* blocBrowserTests.m */ = {isa = PBXFileReference; lastKnownFileType = sourcecode.c.objc; path = blocBrowserTests.m; sourceTree = "<group>"; };
		42FEC9811C9E4A6C000C6FA1 /* Info.plist */ = {isa = PBXFileReference; lastKnownFileType = text.plist.xml; path = Info.plist; sourceTree = "<group>"; };
		42FEC9861C9E4A6C000C6FA1 /* blocBrowserUITests.xctest */ = {isa = PBXFileReference; explicitFileType = wrapper.cfbundle; includeInIndex = 0; path = blocBrowserUITests.xctest; sourceTree = BUILT_PRODUCTS_DIR; };
		42FEC98A1C9E4A6C000C6FA1 /* blocBrowserUITests.m */ = {isa = PBXFileReference; lastKnownFileType = sourcecode.c.objc; path = blocBrowserUITests.m; sourceTree = "<group>"; };
		42FEC98C1C9E4A6C000C6FA1 /* Info.plist */ = {isa = PBXFileReference; lastKnownFileType = text.plist.xml; path = Info.plist; sourceTree = "<group>"; };
		42FEC9981CA0E1CD000C6FA1 /* AwesomeFloatingToolbar.h */ = {isa = PBXFileReference; fileEncoding = 4; lastKnownFileType = sourcecode.c.h; path = AwesomeFloatingToolbar.h; sourceTree = "<group>"; };
		42FEC9991CA0E1CD000C6FA1 /* AwesomeFloatingToolbar.m */ = {isa = PBXFileReference; fileEncoding = 4; lastKnownFileType = sourcecode.c.objc; path = AwesomeFloatingToolbar.m; sourceTree = "<group>"; };
/* End PBXFileReference section */

/* Begin PBXFrameworksBuildPhase section */
		42FEC95F1C9E4A6C000C6FA1 /* Frameworks */ = {
			isa = PBXFrameworksBuildPhase;
			buildActionMask = 2147483647;
			files = (
			);
			runOnlyForDeploymentPostprocessing = 0;
		};
		42FEC9781C9E4A6C000C6FA1 /* Frameworks */ = {
			isa = PBXFrameworksBuildPhase;
			buildActionMask = 2147483647;
			files = (
			);
			runOnlyForDeploymentPostprocessing = 0;
		};
		42FEC9831C9E4A6C000C6FA1 /* Frameworks */ = {
			isa = PBXFrameworksBuildPhase;
			buildActionMask = 2147483647;
			files = (
			);
			runOnlyForDeploymentPostprocessing = 0;
		};
/* End PBXFrameworksBuildPhase section */

/* Begin PBXGroup section */
		42FEC9591C9E4A6C000C6FA1 = {
			isa = PBXGroup;
			children = (
				42FEC9641C9E4A6C000C6FA1 /* blocBrowser */,
				42FEC97E1C9E4A6C000C6FA1 /* blocBrowserTests */,
				42FEC9891C9E4A6C000C6FA1 /* blocBrowserUITests */,
				42FEC9631C9E4A6C000C6FA1 /* Products */,
			);
			sourceTree = "<group>";
		};
		42FEC9631C9E4A6C000C6FA1 /* Products */ = {
			isa = PBXGroup;
			children = (
				42FEC9621C9E4A6C000C6FA1 /* blocBrowser.app */,
				42FEC97B1C9E4A6C000C6FA1 /* blocBrowserTests.xctest */,
				42FEC9861C9E4A6C000C6FA1 /* blocBrowserUITests.xctest */,
			);
			name = Products;
			sourceTree = "<group>";
		};
		42FEC9641C9E4A6C000C6FA1 /* blocBrowser */ = {
			isa = PBXGroup;
			children = (
				42FEC9681C9E4A6C000C6FA1 /* AppDelegate.h */,
				42FEC9691C9E4A6C000C6FA1 /* AppDelegate.m */,
				42FEC96B1C9E4A6C000C6FA1 /* ViewController.h */,
				42FEC96C1C9E4A6C000C6FA1 /* ViewController.m */,
				42FEC9981CA0E1CD000C6FA1 /* AwesomeFloatingToolbar.h */,
				42FEC9991CA0E1CD000C6FA1 /* AwesomeFloatingToolbar.m */,
				42FEC9711C9E4A6C000C6FA1 /* Assets.xcassets */,
				42FEC9731C9E4A6C000C6FA1 /* LaunchScreen.storyboard */,
				42FEC9761C9E4A6C000C6FA1 /* Info.plist */,
				42FEC9651C9E4A6C000C6FA1 /* Supporting Files */,
			);
			path = blocBrowser;
			sourceTree = "<group>";
		};
		42FEC9651C9E4A6C000C6FA1 /* Supporting Files */ = {
			isa = PBXGroup;
			children = (
				42FEC9661C9E4A6C000C6FA1 /* main.m */,
			);
			name = "Supporting Files";
			sourceTree = "<group>";
		};
		42FEC97E1C9E4A6C000C6FA1 /* blocBrowserTests */ = {
			isa = PBXGroup;
			children = (
				42FEC97F1C9E4A6C000C6FA1 /* blocBrowserTests.m */,
				42FEC9811C9E4A6C000C6FA1 /* Info.plist */,
			);
			path = blocBrowserTests;
			sourceTree = "<group>";
		};
		42FEC9891C9E4A6C000C6FA1 /* blocBrowserUITests */ = {
			isa = PBXGroup;
			children = (
				42FEC98A1C9E4A6C000C6FA1 /* blocBrowserUITests.m */,
				42FEC98C1C9E4A6C000C6FA1 /* Info.plist */,
			);
			path = blocBrowserUITests;
			sourceTree = "<group>";
		};
/* End PBXGroup section */

/* Begin PBXNativeTarget section */
		42FEC9611C9E4A6C000C6FA1 /* blocBrowser */ = {
			isa = PBXNativeTarget;
			buildConfigurationList = 42FEC98F1C9E4A6C000C6FA1 /* Build configuration list for PBXNativeTarget "blocBrowser" */;
			buildPhases = (
				42FEC95E1C9E4A6C000C6FA1 /* Sources */,
				42FEC95F1C9E4A6C000C6FA1 /* Frameworks */,
				42FEC9601C9E4A6C000C6FA1 /* Resources */,
			);
			buildRules = (
			);
			dependencies = (
			);
			name = blocBrowser;
			productName = blocBrowser;
			productReference = 42FEC9621C9E4A6C000C6FA1 /* blocBrowser.app */;
			productType = "com.apple.product-type.application";
		};
		42FEC97A1C9E4A6C000C6FA1 /* blocBrowserTests */ = {
			isa = PBXNativeTarget;
			buildConfigurationList = 42FEC9921C9E4A6C000C6FA1 /* Build configuration list for PBXNativeTarget "blocBrowserTests" */;
			buildPhases = (
				42FEC9771C9E4A6C000C6FA1 /* Sources */,
				42FEC9781C9E4A6C000C6FA1 /* Frameworks */,
				42FEC9791C9E4A6C000C6FA1 /* Resources */,
			);
			buildRules = (
			);
			dependencies = (
				42FEC97D1C9E4A6C000C6FA1 /* PBXTargetDependency */,
			);
			name = blocBrowserTests;
			productName = blocBrowserTests;
			productReference = 42FEC97B1C9E4A6C000C6FA1 /* blocBrowserTests.xctest */;
			productType = "com.apple.product-type.bundle.unit-test";
		};
		42FEC9851C9E4A6C000C6FA1 /* blocBrowserUITests */ = {
			isa = PBXNativeTarget;
			buildConfigurationList = 42FEC9951C9E4A6C000C6FA1 /* Build configuration list for PBXNativeTarget "blocBrowserUITests" */;
			buildPhases = (
				42FEC9821C9E4A6C000C6FA1 /* Sources */,
				42FEC9831C9E4A6C000C6FA1 /* Frameworks */,
				42FEC9841C9E4A6C000C6FA1 /* Resources */,
			);
			buildRules = (
			);
			dependencies = (
				42FEC9881C9E4A6C000C6FA1 /* PBXTargetDependency */,
			);
			name = blocBrowserUITests;
			productName = blocBrowserUITests;
			productReference = 42FEC9861C9E4A6C000C6FA1 /* blocBrowserUITests.xctest */;
			productType = "com.apple.product-type.bundle.ui-testing";
		};
/* End PBXNativeTarget section */

/* Begin PBXProject section */
		42FEC95A1C9E4A6C000C6FA1 /* Project object */ = {
			isa = PBXProject;
			attributes = {
				LastUpgradeCheck = 0720;
				ORGANIZATIONNAME = "Lisa Hackenberger";
				TargetAttributes = {
					42FEC9611C9E4A6C000C6FA1 = {
						CreatedOnToolsVersion = 7.2.1;
					};
					42FEC97A1C9E4A6C000C6FA1 = {
						CreatedOnToolsVersion = 7.2.1;
						TestTargetID = 42FEC9611C9E4A6C000C6FA1;
					};
					42FEC9851C9E4A6C000C6FA1 = {
						CreatedOnToolsVersion = 7.2.1;
						TestTargetID = 42FEC9611C9E4A6C000C6FA1;
					};
				};
			};
			buildConfigurationList = 42FEC95D1C9E4A6C000C6FA1 /* Build configuration list for PBXProject "blocBrowser" */;
			compatibilityVersion = "Xcode 3.2";
			developmentRegion = English;
			hasScannedForEncodings = 0;
			knownRegions = (
				en,
				Base,
			);
			mainGroup = 42FEC9591C9E4A6C000C6FA1;
			productRefGroup = 42FEC9631C9E4A6C000C6FA1 /* Products */;
			projectDirPath = "";
			projectRoot = "";
			targets = (
				42FEC9611C9E4A6C000C6FA1 /* blocBrowser */,
				42FEC97A1C9E4A6C000C6FA1 /* blocBrowserTests */,
				42FEC9851C9E4A6C000C6FA1 /* blocBrowserUITests */,
			);
		};
/* End PBXProject section */

/* Begin PBXResourcesBuildPhase section */
		42FEC9601C9E4A6C000C6FA1 /* Resources */ = {
			isa = PBXResourcesBuildPhase;
			buildActionMask = 2147483647;
			files = (
				42FEC9751C9E4A6C000C6FA1 /* LaunchScreen.storyboard in Resources */,
				42FEC9721C9E4A6C000C6FA1 /* Assets.xcassets in Resources */,
			);
			runOnlyForDeploymentPostprocessing = 0;
		};
		42FEC9791C9E4A6C000C6FA1 /* Resources */ = {
			isa = PBXResourcesBuildPhase;
			buildActionMask = 2147483647;
			files = (
			);
			runOnlyForDeploymentPostprocessing = 0;
		};
		42FEC9841C9E4A6C000C6FA1 /* Resources */ = {
			isa = PBXResourcesBuildPhase;
			buildActionMask = 2147483647;
			files = (
			);
			runOnlyForDeploymentPostprocessing = 0;
		};
/* End PBXResourcesBuildPhase section */

/* Begin PBXSourcesBuildPhase section */
		42FEC95E1C9E4A6C000C6FA1 /* Sources */ = {
			isa = PBXSourcesBuildPhase;
			buildActionMask = 2147483647;
			files = (
				42FEC96D1C9E4A6C000C6FA1 /* ViewController.m in Sources */,
				42FEC96A1C9E4A6C000C6FA1 /* AppDelegate.m in Sources */,
				42FEC9671C9E4A6C000C6FA1 /* main.m in Sources */,
				42FEC99A1CA0E1CD000C6FA1 /* AwesomeFloatingToolbar.m in Sources */,
			);
			runOnlyForDeploymentPostprocessing = 0;
		};
		42FEC9771C9E4A6C000C6FA1 /* Sources */ = {
			isa = PBXSourcesBuildPhase;
			buildActionMask = 2147483647;
			files = (
				42FEC9801C9E4A6C000C6FA1 /* blocBrowserTests.m in Sources */,
			);
			runOnlyForDeploymentPostprocessing = 0;
		};
		42FEC9821C9E4A6C000C6FA1 /* Sources */ = {
			isa = PBXSourcesBuildPhase;
			buildActionMask = 2147483647;
			files = (
				42FEC98B1C9E4A6C000C6FA1 /* blocBrowserUITests.m in Sources */,
			);
			runOnlyForDeploymentPostprocessing = 0;
		};
/* End PBXSourcesBuildPhase section */

/* Begin PBXTargetDependency section */
		42FEC97D1C9E4A6C000C6FA1 /* PBXTargetDependency */ = {
			isa = PBXTargetDependency;
			target = 42FEC9611C9E4A6C000C6FA1 /* blocBrowser */;
			targetProxy = 42FEC97C1C9E4A6C000C6FA1 /* PBXContainerItemProxy */;
		};
		42FEC9881C9E4A6C000C6FA1 /* PBXTargetDependency */ = {
			isa = PBXTargetDependency;
			target = 42FEC9611C9E4A6C000C6FA1 /* blocBrowser */;
			targetProxy = 42FEC9871C9E4A6C000C6FA1 /* PBXContainerItemProxy */;
		};
/* End PBXTargetDependency section */

/* Begin PBXVariantGroup section */
		42FEC9731C9E4A6C000C6FA1 /* LaunchScreen.storyboard */ = {
			isa = PBXVariantGroup;
			children = (
				42FEC9741C9E4A6C000C6FA1 /* Base */,
			);
			name = LaunchScreen.storyboard;
			sourceTree = "<group>";
		};
/* End PBXVariantGroup section */

/* Begin XCBuildConfiguration section */
		42FEC98D1C9E4A6C000C6FA1 /* Debug */ = {
			isa = XCBuildConfiguration;
			buildSettings = {
				ALWAYS_SEARCH_USER_PATHS = NO;
				CLANG_CXX_LANGUAGE_STANDARD = "gnu++0x";
				CLANG_CXX_LIBRARY = "libc++";
				CLANG_ENABLE_MODULES = YES;
				CLANG_ENABLE_OBJC_ARC = YES;
				CLANG_WARN_BOOL_CONVERSION = YES;
				CLANG_WARN_CONSTANT_CONVERSION = YES;
				CLANG_WARN_DIRECT_OBJC_ISA_USAGE = YES_ERROR;
				CLANG_WARN_EMPTY_BODY = YES;
				CLANG_WARN_ENUM_CONVERSION = YES;
				CLANG_WARN_INT_CONVERSION = YES;
				CLANG_WARN_OBJC_ROOT_CLASS = YES_ERROR;
				CLANG_WARN_UNREACHABLE_CODE = YES;
				CLANG_WARN__DUPLICATE_METHOD_MATCH = YES;
				"CODE_SIGN_IDENTITY[sdk=iphoneos*]" = "iPhone Developer";
				COPY_PHASE_STRIP = NO;
				DEBUG_INFORMATION_FORMAT = dwarf;
				ENABLE_STRICT_OBJC_MSGSEND = YES;
				ENABLE_TESTABILITY = YES;
				GCC_C_LANGUAGE_STANDARD = gnu99;
				GCC_DYNAMIC_NO_PIC = NO;
				GCC_NO_COMMON_BLOCKS = YES;
				GCC_OPTIMIZATION_LEVEL = 0;
				GCC_PREPROCESSOR_DEFINITIONS = (
					"DEBUG=1",
					"$(inherited)",
				);
				GCC_WARN_64_TO_32_BIT_CONVERSION = YES;
				GCC_WARN_ABOUT_RETURN_TYPE = YES_ERROR;
				GCC_WARN_UNDECLARED_SELECTOR = YES;
				GCC_WARN_UNINITIALIZED_AUTOS = YES_AGGRESSIVE;
				GCC_WARN_UNUSED_FUNCTION = YES;
				GCC_WARN_UNUSED_VARIABLE = YES;
				IPHONEOS_DEPLOYMENT_TARGET = 9.2;
				MTL_ENABLE_DEBUG_INFO = YES;
				ONLY_ACTIVE_ARCH = YES;
				SDKROOT = iphoneos;
				TARGETED_DEVICE_FAMILY = "1,2";
			};
			name = Debug;
		};
		42FEC98E1C9E4A6C000C6FA1 /* Release */ = {
			isa = XCBuildConfiguration;
			buildSettings = {
				ALWAYS_SEARCH_USER_PATHS = NO;
				CLANG_CXX_LANGUAGE_STANDARD = "gnu++0x";
				CLANG_CXX_LIBRARY = "libc++";
				CLANG_ENABLE_MODULES = YES;
				CLANG_ENABLE_OBJC_ARC = YES;
				CLANG_WARN_BOOL_CONVERSION = YES;
				CLANG_WARN_CONSTANT_CONVERSION = YES;
				CLANG_WARN_DIRECT_OBJC_ISA_USAGE = YES_ERROR;
				CLANG_WARN_EMPTY_BODY = YES;
				CLANG_WARN_ENUM_CONVERSION = YES;
				CLANG_WARN_INT_CONVERSION = YES;
				CLANG_WARN_OBJC_ROOT_CLASS = YES_ERROR;
				CLANG_WARN_UNREACHABLE_CODE = YES;
				CLANG_WARN__DUPLICATE_METHOD_MATCH = YES;
				"CODE_SIGN_IDENTITY[sdk=iphoneos*]" = "iPhone Developer";
				COPY_PHASE_STRIP = NO;
				DEBUG_INFORMATION_FORMAT = "dwarf-with-dsym";
				ENABLE_NS_ASSERTIONS = NO;
				ENABLE_STRICT_OBJC_MSGSEND = YES;
				GCC_C_LANGUAGE_STANDARD = gnu99;
				GCC_NO_COMMON_BLOCKS = YES;
				GCC_WARN_64_TO_32_BIT_CONVERSION = YES;
				GCC_WARN_ABOUT_RETURN_TYPE = YES_ERROR;
				GCC_WARN_UNDECLARED_SELECTOR = YES;
				GCC_WARN_UNINITIALIZED_AUTOS = YES_AGGRESSIVE;
				GCC_WARN_UNUSED_FUNCTION = YES;
				GCC_WARN_UNUSED_VARIABLE = YES;
				IPHONEOS_DEPLOYMENT_TARGET = 9.2;
				MTL_ENABLE_DEBUG_INFO = NO;
				SDKROOT = iphoneos;
				TARGETED_DEVICE_FAMILY = "1,2";
				VALIDATE_PRODUCT = YES;
			};
			name = Release;
		};
		42FEC9901C9E4A6C000C6FA1 /* Debug */ = {
			isa = XCBuildConfiguration;
			buildSettings = {
				ASSETCATALOG_COMPILER_APPICON_NAME = AppIcon;
				INFOPLIST_FILE = blocBrowser/Info.plist;
				LD_RUNPATH_SEARCH_PATHS = "$(inherited) @executable_path/Frameworks";
				PRODUCT_BUNDLE_IDENTIFIER = com.risachi.blocBrowser;
				PRODUCT_NAME = "$(TARGET_NAME)";
			};
			name = Debug;
		};
		42FEC9911C9E4A6C000C6FA1 /* Release */ = {
			isa = XCBuildConfiguration;
			buildSettings = {
				ASSETCATALOG_COMPILER_APPICON_NAME = AppIcon;
				INFOPLIST_FILE = blocBrowser/Info.plist;
				LD_RUNPATH_SEARCH_PATHS = "$(inherited) @executable_path/Frameworks";
				PRODUCT_BUNDLE_IDENTIFIER = com.risachi.blocBrowser;
				PRODUCT_NAME = "$(TARGET_NAME)";
			};
			name = Release;
		};
		42FEC9931C9E4A6C000C6FA1 /* Debug */ = {
			isa = XCBuildConfiguration;
			buildSettings = {
				BUNDLE_LOADER = "$(TEST_HOST)";
				INFOPLIST_FILE = blocBrowserTests/Info.plist;
				LD_RUNPATH_SEARCH_PATHS = "$(inherited) @executable_path/Frameworks @loader_path/Frameworks";
				PRODUCT_BUNDLE_IDENTIFIER = com.risachi.blocBrowserTests;
				PRODUCT_NAME = "$(TARGET_NAME)";
				TEST_HOST = "$(BUILT_PRODUCTS_DIR)/blocBrowser.app/blocBrowser";
			};
			name = Debug;
		};
		42FEC9941C9E4A6C000C6FA1 /* Release */ = {
			isa = XCBuildConfiguration;
			buildSettings = {
				BUNDLE_LOADER = "$(TEST_HOST)";
				INFOPLIST_FILE = blocBrowserTests/Info.plist;
				LD_RUNPATH_SEARCH_PATHS = "$(inherited) @executable_path/Frameworks @loader_path/Frameworks";
				PRODUCT_BUNDLE_IDENTIFIER = com.risachi.blocBrowserTests;
				PRODUCT_NAME = "$(TARGET_NAME)";
				TEST_HOST = "$(BUILT_PRODUCTS_DIR)/blocBrowser.app/blocBrowser";
			};
			name = Release;
		};
		42FEC9961C9E4A6C000C6FA1 /* Debug */ = {
			isa = XCBuildConfiguration;
			buildSettings = {
				INFOPLIST_FILE = blocBrowserUITests/Info.plist;
				LD_RUNPATH_SEARCH_PATHS = "$(inherited) @executable_path/Frameworks @loader_path/Frameworks";
				PRODUCT_BUNDLE_IDENTIFIER = com.risachi.blocBrowserUITests;
				PRODUCT_NAME = "$(TARGET_NAME)";
				TEST_TARGET_NAME = blocBrowser;
				USES_XCTRUNNER = YES;
			};
			name = Debug;
		};
		42FEC9971C9E4A6C000C6FA1 /* Release */ = {
			isa = XCBuildConfiguration;
			buildSettings = {
				INFOPLIST_FILE = blocBrowserUITests/Info.plist;
				LD_RUNPATH_SEARCH_PATHS = "$(inherited) @executable_path/Frameworks @loader_path/Frameworks";
				PRODUCT_BUNDLE_IDENTIFIER = com.risachi.blocBrowserUITests;
				PRODUCT_NAME = "$(TARGET_NAME)";
				TEST_TARGET_NAME = blocBrowser;
				USES_XCTRUNNER = YES;
			};
			name = Release;
		};
/* End XCBuildConfiguration section */

/* Begin XCConfigurationList section */
		42FEC95D1C9E4A6C000C6FA1 /* Build configuration list for PBXProject "blocBrowser" */ = {
			isa = XCConfigurationList;
			buildConfigurations = (
				42FEC98D1C9E4A6C000C6FA1 /* Debug */,
				42FEC98E1C9E4A6C000C6FA1 /* Release */,
			);
			defaultConfigurationIsVisible = 0;
			defaultConfigurationName = Release;
		};
		42FEC98F1C9E4A6C000C6FA1 /* Build configuration list for PBXNativeTarget "blocBrowser" */ = {
			isa = XCConfigurationList;
			buildConfigurations = (
				42FEC9901C9E4A6C000C6FA1 /* Debug */,
				42FEC9911C9E4A6C000C6FA1 /* Release */,
			);
			defaultConfigurationIsVisible = 0;
		};
		42FEC9921C9E4A6C000C6FA1 /* Build configuration list for PBXNativeTarget "blocBrowserTests" */ = {
			isa = XCConfigurationList;
			buildConfigurations = (
				42FEC9931C9E4A6C000C6FA1 /* Debug */,
				42FEC9941C9E4A6C000C6FA1 /* Release */,
			);
			defaultConfigurationIsVisible = 0;
		};
		42FEC9951C9E4A6C000C6FA1 /* Build configuration list for PBXNativeTarget "blocBrowserUITests" */ = {
			isa = XCConfigurationList;
			buildConfigurations = (
				42FEC9961C9E4A6C000C6FA1 /* Debug */,
				42FEC9971C9E4A6C000C6FA1 /* Release */,
			);
			defaultConfigurationIsVisible = 0;
		};
/* End XCConfigurationList section */
	};
	rootObject = 42FEC95A1C9E4A6C000C6FA1 /* Project object */;
}
